// !$*UTF8*$!
{
	archiveVersion = 1;
	classes = {
	};
	objectVersion = 55;
	objects = {

/* Begin PBXBuildFile section */
		95202900289B8B9000613A12 /* AppDelegate.swift in Sources */ = {isa = PBXBuildFile; fileRef = 952028FF289B8B9000613A12 /* AppDelegate.swift */; };
		95202902289B8B9000613A12 /* SceneDelegate.swift in Sources */ = {isa = PBXBuildFile; fileRef = 95202901289B8B9000613A12 /* SceneDelegate.swift */; };
		95202904289B8B9000613A12 /* ViewController.swift in Sources */ = {isa = PBXBuildFile; fileRef = 95202903289B8B9000613A12 /* ViewController.swift */; };
		95202907289B8B9000613A12 /* Main.storyboard in Resources */ = {isa = PBXBuildFile; fileRef = 95202905289B8B9000613A12 /* Main.storyboard */; };
		95202909289B8B9200613A12 /* Assets.xcassets in Resources */ = {isa = PBXBuildFile; fileRef = 95202908289B8B9200613A12 /* Assets.xcassets */; };
		9520290C289B8B9200613A12 /* LaunchScreen.storyboard in Resources */ = {isa = PBXBuildFile; fileRef = 9520290A289B8B9200613A12 /* LaunchScreen.storyboard */; };
		95202915289B8BA500613A12 /* RxCocoa in Frameworks */ = {isa = PBXBuildFile; productRef = 95202914289B8BA500613A12 /* RxCocoa */; };
		95202917289B8BA500613A12 /* RxRelay in Frameworks */ = {isa = PBXBuildFile; productRef = 95202916289B8BA500613A12 /* RxRelay */; };
		95202919289B8BA500613A12 /* RxSwift in Frameworks */ = {isa = PBXBuildFile; productRef = 95202918289B8BA500613A12 /* RxSwift */; };
		9520291B289B8C8A00613A12 /* CounterRxViewModel.swift in Sources */ = {isa = PBXBuildFile; fileRef = 9520291A289B8C8A00613A12 /* CounterRxViewModel.swift */; };
/* End PBXBuildFile section */

/* Begin PBXFileReference section */
		952028FC289B8B9000613A12 /* RxSwift-MVVM-CounterApp-Protocol.app */ = {isa = PBXFileReference; explicitFileType = wrapper.application; includeInIndex = 0; path = "RxSwift-MVVM-CounterApp-Protocol.app"; sourceTree = BUILT_PRODUCTS_DIR; };
		952028FF289B8B9000613A12 /* AppDelegate.swift */ = {isa = PBXFileReference; lastKnownFileType = sourcecode.swift; path = AppDelegate.swift; sourceTree = "<group>"; };
		95202901289B8B9000613A12 /* SceneDelegate.swift */ = {isa = PBXFileReference; lastKnownFileType = sourcecode.swift; path = SceneDelegate.swift; sourceTree = "<group>"; };
		95202903289B8B9000613A12 /* ViewController.swift */ = {isa = PBXFileReference; lastKnownFileType = sourcecode.swift; path = ViewController.swift; sourceTree = "<group>"; };
		95202906289B8B9000613A12 /* Base */ = {isa = PBXFileReference; lastKnownFileType = file.storyboard; name = Base; path = Base.lproj/Main.storyboard; sourceTree = "<group>"; };
		95202908289B8B9200613A12 /* Assets.xcassets */ = {isa = PBXFileReference; lastKnownFileType = folder.assetcatalog; path = Assets.xcassets; sourceTree = "<group>"; };
		9520290B289B8B9200613A12 /* Base */ = {isa = PBXFileReference; lastKnownFileType = file.storyboard; name = Base; path = Base.lproj/LaunchScreen.storyboard; sourceTree = "<group>"; };
		9520290D289B8B9200613A12 /* Info.plist */ = {isa = PBXFileReference; lastKnownFileType = text.plist.xml; path = Info.plist; sourceTree = "<group>"; };
		9520291A289B8C8A00613A12 /* CounterRxViewModel.swift */ = {isa = PBXFileReference; lastKnownFileType = sourcecode.swift; path = CounterRxViewModel.swift; sourceTree = "<group>"; };
/* End PBXFileReference section */

/* Begin PBXFrameworksBuildPhase section */
		952028F9289B8B9000613A12 /* Frameworks */ = {
			isa = PBXFrameworksBuildPhase;
			buildActionMask = 2147483647;
			files = (
				95202919289B8BA500613A12 /* RxSwift in Frameworks */,
				95202917289B8BA500613A12 /* RxRelay in Frameworks */,
				95202915289B8BA500613A12 /* RxCocoa in Frameworks */,
			);
			runOnlyForDeploymentPostprocessing = 0;
		};
/* End PBXFrameworksBuildPhase section */

/* Begin PBXGroup section */
		952028F3289B8B9000613A12 = {
			isa = PBXGroup;
			children = (
				952028FE289B8B9000613A12 /* RxSwift-MVVM-CounterApp-Protocol */,
				952028FD289B8B9000613A12 /* Products */,
			);
			sourceTree = "<group>";
		};
		952028FD289B8B9000613A12 /* Products */ = {
			isa = PBXGroup;
			children = (
				952028FC289B8B9000613A12 /* RxSwift-MVVM-CounterApp-Protocol.app */,
			);
			name = Products;
			sourceTree = "<group>";
		};
		952028FE289B8B9000613A12 /* RxSwift-MVVM-CounterApp-Protocol */ = {
			isa = PBXGroup;
			children = (
				952028FF289B8B9000613A12 /* AppDelegate.swift */,
				95202901289B8B9000613A12 /* SceneDelegate.swift */,
				95202903289B8B9000613A12 /* ViewController.swift */,
				95202905289B8B9000613A12 /* Main.storyboard */,
				95202908289B8B9200613A12 /* Assets.xcassets */,
				9520290A289B8B9200613A12 /* LaunchScreen.storyboard */,
				9520290D289B8B9200613A12 /* Info.plist */,
				9520291A289B8C8A00613A12 /* CounterRxViewModel.swift */,
			);
			path = "RxSwift-MVVM-CounterApp-Protocol";
			sourceTree = "<group>";
		};
/* End PBXGroup section */

/* Begin PBXNativeTarget section */
		952028FB289B8B9000613A12 /* RxSwift-MVVM-CounterApp-Protocol */ = {
			isa = PBXNativeTarget;
			buildConfigurationList = 95202910289B8B9200613A12 /* Build configuration list for PBXNativeTarget "RxSwift-MVVM-CounterApp-Protocol" */;
			buildPhases = (
				952028F8289B8B9000613A12 /* Sources */,
				952028F9289B8B9000613A12 /* Frameworks */,
				952028FA289B8B9000613A12 /* Resources */,
			);
			buildRules = (
			);
			dependencies = (
			);
			name = "RxSwift-MVVM-CounterApp-Protocol";
			packageProductDependencies = (
				95202914289B8BA500613A12 /* RxCocoa */,
				95202916289B8BA500613A12 /* RxRelay */,
				95202918289B8BA500613A12 /* RxSwift */,
			);
			productName = "RxSwift-MVVM-CounterApp-Protocol";
			productReference = 952028FC289B8B9000613A12 /* RxSwift-MVVM-CounterApp-Protocol.app */;
			productType = "com.apple.product-type.application";
		};
/* End PBXNativeTarget section */

/* Begin PBXProject section */
		952028F4289B8B9000613A12 /* Project object */ = {
			isa = PBXProject;
			attributes = {
				BuildIndependentTargetsInParallel = 1;
				LastSwiftUpdateCheck = 1340;
				LastUpgradeCheck = 1340;
				TargetAttributes = {
					952028FB289B8B9000613A12 = {
						CreatedOnToolsVersion = 13.4.1;
					};
				};
			};
			buildConfigurationList = 952028F7289B8B9000613A12 /* Build configuration list for PBXProject "RxSwift-MVVM-CounterApp-Protocol" */;
			compatibilityVersion = "Xcode 13.0";
			developmentRegion = en;
			hasScannedForEncodings = 0;
			knownRegions = (
				en,
				Base,
			);
			mainGroup = 952028F3289B8B9000613A12;
			packageReferences = (
				95202913289B8BA500613A12 /* XCRemoteSwiftPackageReference "RxSwift" */,
			);
			productRefGroup = 952028FD289B8B9000613A12 /* Products */;
			projectDirPath = "";
			projectRoot = "";
			targets = (
				952028FB289B8B9000613A12 /* RxSwift-MVVM-CounterApp-Protocol */,
			);
		};
/* End PBXProject section */

/* Begin PBXResourcesBuildPhase section */
		952028FA289B8B9000613A12 /* Resources */ = {
			isa = PBXResourcesBuildPhase;
			buildActionMask = 2147483647;
			files = (
				9520290C289B8B9200613A12 /* LaunchScreen.storyboard in Resources */,
				95202909289B8B9200613A12 /* Assets.xcassets in Resources */,
				95202907289B8B9000613A12 /* Main.storyboard in Resources */,
			);
			runOnlyForDeploymentPostprocessing = 0;
		};
/* End PBXResourcesBuildPhase section */

/* Begin PBXSourcesBuildPhase section */
		952028F8289B8B9000613A12 /* Sources */ = {
			isa = PBXSourcesBuildPhase;
			buildActionMask = 2147483647;
			files = (
				95202904289B8B9000613A12 /* ViewController.swift in Sources */,
				9520291B289B8C8A00613A12 /* CounterRxViewModel.swift in Sources */,
				95202900289B8B9000613A12 /* AppDelegate.swift in Sources */,
				95202902289B8B9000613A12 /* SceneDelegate.swift in Sources */,
			);
			runOnlyForDeploymentPostprocessing = 0;
		};
/* End PBXSourcesBuildPhase section */

/* Begin PBXVariantGroup section */
		95202905289B8B9000613A12 /* Main.storyboard */ = {
			isa = PBXVariantGroup;
			children = (
				95202906289B8B9000613A12 /* Base */,
			);
			name = Main.storyboard;
			sourceTree = "<group>";
		};
		9520290A289B8B9200613A12 /* LaunchScreen.storyboard */ = {
			isa = PBXVariantGroup;
			children = (
				9520290B289B8B9200613A12 /* Base */,
			);
			name = LaunchScreen.storyboard;
			sourceTree = "<group>";
		};
/* End PBXVariantGroup section */

/* Begin XCBuildConfiguration section */
		9520290E289B8B9200613A12 /* Debug */ = {
			isa = XCBuildConfiguration;
			buildSettings = {
				ALWAYS_SEARCH_USER_PATHS = NO;
				CLANG_ANALYZER_NONNULL = YES;
				CLANG_ANALYZER_NUMBER_OBJECT_CONVERSION = YES_AGGRESSIVE;
				CLANG_CXX_LANGUAGE_STANDARD = "gnu++17";
				CLANG_ENABLE_MODULES = YES;
				CLANG_ENABLE_OBJC_ARC = YES;
				CLANG_ENABLE_OBJC_WEAK = YES;
				CLANG_WARN_BLOCK_CAPTURE_AUTORELEASING = YES;
				CLANG_WARN_BOOL_CONVERSION = YES;
				CLANG_WARN_COMMA = YES;
				CLANG_WARN_CONSTANT_CONVERSION = YES;
				CLANG_WARN_DEPRECATED_OBJC_IMPLEMENTATIONS = YES;
				CLANG_WARN_DIRECT_OBJC_ISA_USAGE = YES_ERROR;
				CLANG_WARN_DOCUMENTATION_COMMENTS = YES;
				CLANG_WARN_EMPTY_BODY = YES;
				CLANG_WARN_ENUM_CONVERSION = YES;
				CLANG_WARN_INFINITE_RECURSION = YES;
				CLANG_WARN_INT_CONVERSION = YES;
				CLANG_WARN_NON_LITERAL_NULL_CONVERSION = YES;
				CLANG_WARN_OBJC_IMPLICIT_RETAIN_SELF = YES;
				CLANG_WARN_OBJC_LITERAL_CONVERSION = YES;
				CLANG_WARN_OBJC_ROOT_CLASS = YES_ERROR;
				CLANG_WARN_QUOTED_INCLUDE_IN_FRAMEWORK_HEADER = YES;
				CLANG_WARN_RANGE_LOOP_ANALYSIS = YES;
				CLANG_WARN_STRICT_PROTOTYPES = YES;
				CLANG_WARN_SUSPICIOUS_MOVE = YES;
				CLANG_WARN_UNGUARDED_AVAILABILITY = YES_AGGRESSIVE;
				CLANG_WARN_UNREACHABLE_CODE = YES;
				CLANG_WARN__DUPLICATE_METHOD_MATCH = YES;
				COPY_PHASE_STRIP = NO;
				DEBUG_INFORMATION_FORMAT = dwarf;
				ENABLE_STRICT_OBJC_MSGSEND = YES;
				ENABLE_TESTABILITY = YES;
				GCC_C_LANGUAGE_STANDARD = gnu11;
				GCC_DYNAMIC_NO_PIC = NO;
				GCC_NO_COMMON_BLOCKS = YES;
				GCC_OPTIMIZATION_LEVEL = 0;
				GCC_PREPROCESSOR_DEFINITIONS = (
					"DEBUG=1",
					"$(inherited)",
				);
				GCC_WARN_64_TO_32_BIT_CONVERSION = YES;
				GCC_WARN_ABOUT_RETURN_TYPE = YES_ERROR;
				GCC_WARN_UNDECLARED_SELECTOR = YES;
				GCC_WARN_UNINITIALIZED_AUTOS = YES_AGGRESSIVE;
				GCC_WARN_UNUSED_FUNCTION = YES;
				GCC_WARN_UNUSED_VARIABLE = YES;
				IPHONEOS_DEPLOYMENT_TARGET = 15.5;
				MTL_ENABLE_DEBUG_INFO = INCLUDE_SOURCE;
				MTL_FAST_MATH = YES;
				ONLY_ACTIVE_ARCH = YES;
				SDKROOT = iphoneos;
				SWIFT_ACTIVE_COMPILATION_CONDITIONS = DEBUG;
				SWIFT_OPTIMIZATION_LEVEL = "-Onone";
			};
			name = Debug;
		};
		9520290F289B8B9200613A12 /* Release */ = {
			isa = XCBuildConfiguration;
			buildSettings = {
				ALWAYS_SEARCH_USER_PATHS = NO;
				CLANG_ANALYZER_NONNULL = YES;
				CLANG_ANALYZER_NUMBER_OBJECT_CONVERSION = YES_AGGRESSIVE;
				CLANG_CXX_LANGUAGE_STANDARD = "gnu++17";
				CLANG_ENABLE_MODULES = YES;
				CLANG_ENABLE_OBJC_ARC = YES;
				CLANG_ENABLE_OBJC_WEAK = YES;
				CLANG_WARN_BLOCK_CAPTURE_AUTORELEASING = YES;
				CLANG_WARN_BOOL_CONVERSION = YES;
				CLANG_WARN_COMMA = YES;
				CLANG_WARN_CONSTANT_CONVERSION = YES;
				CLANG_WARN_DEPRECATED_OBJC_IMPLEMENTATIONS = YES;
				CLANG_WARN_DIRECT_OBJC_ISA_USAGE = YES_ERROR;
				CLANG_WARN_DOCUMENTATION_COMMENTS = YES;
				CLANG_WARN_EMPTY_BODY = YES;
				CLANG_WARN_ENUM_CONVERSION = YES;
				CLANG_WARN_INFINITE_RECURSION = YES;
				CLANG_WARN_INT_CONVERSION = YES;
				CLANG_WARN_NON_LITERAL_NULL_CONVERSION = YES;
				CLANG_WARN_OBJC_IMPLICIT_RETAIN_SELF = YES;
				CLANG_WARN_OBJC_LITERAL_CONVERSION = YES;
				CLANG_WARN_OBJC_ROOT_CLASS = YES_ERROR;
				CLANG_WARN_QUOTED_INCLUDE_IN_FRAMEWORK_HEADER = YES;
				CLANG_WARN_RANGE_LOOP_ANALYSIS = YES;
				CLANG_WARN_STRICT_PROTOTYPES = YES;
				CLANG_WARN_SUSPICIOUS_MOVE = YES;
				CLANG_WARN_UNGUARDED_AVAILABILITY = YES_AGGRESSIVE;
				CLANG_WARN_UNREACHABLE_CODE = YES;
				CLANG_WARN__DUPLICATE_METHOD_MATCH = YES;
				COPY_PHASE_STRIP = NO;
				DEBUG_INFORMATION_FORMAT = "dwarf-with-dsym";
				ENABLE_NS_ASSERTIONS = NO;
				ENABLE_STRICT_OBJC_MSGSEND = YES;
				GCC_C_LANGUAGE_STANDARD = gnu11;
				GCC_NO_COMMON_BLOCKS = YES;
				GCC_WARN_64_TO_32_BIT_CONVERSION = YES;
				GCC_WARN_ABOUT_RETURN_TYPE = YES_ERROR;
				GCC_WARN_UNDECLARED_SELECTOR = YES;
				GCC_WARN_UNINITIALIZED_AUTOS = YES_AGGRESSIVE;
				GCC_WARN_UNUSED_FUNCTION = YES;
				GCC_WARN_UNUSED_VARIABLE = YES;
				IPHONEOS_DEPLOYMENT_TARGET = 15.5;
				MTL_ENABLE_DEBUG_INFO = NO;
				MTL_FAST_MATH = YES;
				SDKROOT = iphoneos;
				SWIFT_COMPILATION_MODE = wholemodule;
				SWIFT_OPTIMIZATION_LEVEL = "-O";
				VALIDATE_PRODUCT = YES;
			};
			name = Release;
		};
		95202911289B8B9200613A12 /* Debug */ = {
			isa = XCBuildConfiguration;
			buildSettings = {
				ASSETCATALOG_COMPILER_APPICON_NAME = AppIcon;
				ASSETCATALOG_COMPILER_GLOBAL_ACCENT_COLOR_NAME = AccentColor;
				CODE_SIGN_STYLE = Automatic;
				CURRENT_PROJECT_VERSION = 1;
				DEVELOPMENT_TEAM = 7X9S244452;
				GENERATE_INFOPLIST_FILE = YES;
				INFOPLIST_FILE = "RxSwift-MVVM-CounterApp-Protocol/Info.plist";
				INFOPLIST_KEY_UIApplicationSupportsIndirectInputEvents = YES;
				INFOPLIST_KEY_UILaunchStoryboardName = LaunchScreen;
				INFOPLIST_KEY_UIMainStoryboardFile = Main;
				INFOPLIST_KEY_UISupportedInterfaceOrientations_iPad = "UIInterfaceOrientationPortrait UIInterfaceOrientationPortraitUpsideDown UIInterfaceOrientationLandscapeLeft UIInterfaceOrientationLandscapeRight";
				INFOPLIST_KEY_UISupportedInterfaceOrientations_iPhone = "UIInterfaceOrientationPortrait UIInterfaceOrientationLandscapeLeft UIInterfaceOrientationLandscapeRight";
				LD_RUNPATH_SEARCH_PATHS = (
					"$(inherited)",
					"@executable_path/Frameworks",
				);
				MARKETING_VERSION = 1.0;
				PRODUCT_BUNDLE_IDENTIFIER = "com.mkondo.RxSwift-MVVM-CounterApp-Protocol";
				PRODUCT_NAME = "$(TARGET_NAME)";
				SWIFT_EMIT_LOC_STRINGS = YES;
				SWIFT_VERSION = 5.0;
				TARGETED_DEVICE_FAMILY = "1,2";
			};
			name = Debug;
		};
		95202912289B8B9200613A12 /* Release */ = {
			isa = XCBuildConfiguration;
			buildSettings = {
				ASSETCATALOG_COMPILER_APPICON_NAME = AppIcon;
				ASSETCATALOG_COMPILER_GLOBAL_ACCENT_COLOR_NAME = AccentColor;
				CODE_SIGN_STYLE = Automatic;
				CURRENT_PROJECT_VERSION = 1;
				DEVELOPMENT_TEAM = 7X9S244452;
				GENERATE_INFOPLIST_FILE = YES;
				INFOPLIST_FILE = "RxSwift-MVVM-CounterApp-Protocol/Info.plist";
				INFOPLIST_KEY_UIApplicationSupportsIndirectInputEvents = YES;
				INFOPLIST_KEY_UILaunchStoryboardName = LaunchScreen;
				INFOPLIST_KEY_UIMainStoryboardFile = Main;
				INFOPLIST_KEY_UISupportedInterfaceOrientations_iPad = "UIInterfaceOrientationPortrait UIInterfaceOrientationPortraitUpsideDown UIInterfaceOrientationLandscapeLeft UIInterfaceOrientationLandscapeRight";
				INFOPLIST_KEY_UISupportedInterfaceOrientations_iPhone = "UIInterfaceOrientationPortrait UIInterfaceOrientationLandscapeLeft UIInterfaceOrientationLandscapeRight";
				LD_RUNPATH_SEARCH_PATHS = (
					"$(inherited)",
					"@executable_path/Frameworks",
				);
				MARKETING_VERSION = 1.0;
				PRODUCT_BUNDLE_IDENTIFIER = "com.mkondo.RxSwift-MVVM-CounterApp-Protocol";
				PRODUCT_NAME = "$(TARGET_NAME)";
				SWIFT_EMIT_LOC_STRINGS = YES;
				SWIFT_VERSION = 5.0;
				TARGETED_DEVICE_FAMILY = "1,2";
			};
			name = Release;
		};
/* End XCBuildConfiguration section */

/* Begin XCConfigurationList section */
		952028F7289B8B9000613A12 /* Build configuration list for PBXProject "RxSwift-MVVM-CounterApp-Protocol" */ = {
			isa = XCConfigurationList;
			buildConfigurations = (
				9520290E289B8B9200613A12 /* Debug */,
				9520290F289B8B9200613A12 /* Release */,
			);
			defaultConfigurationIsVisible = 0;
			defaultConfigurationName = Release;
		};
		95202910289B8B9200613A12 /* Build configuration list for PBXNativeTarget "RxSwift-MVVM-CounterApp-Protocol" */ = {
			isa = XCConfigurationList;
			buildConfigurations = (
				95202911289B8B9200613A12 /* Debug */,
				95202912289B8B9200613A12 /* Release */,
			);
			defaultConfigurationIsVisible = 0;
			defaultConfigurationName = Release;
		};
/* End XCConfigurationList section */

/* Begin XCRemoteSwiftPackageReference section */
		95202913289B8BA500613A12 /* XCRemoteSwiftPackageReference "RxSwift" */ = {
			isa = XCRemoteSwiftPackageReference;
			repositoryURL = "https://github.com/ReactiveX/RxSwift";
			requirement = {
				branch = main;
				kind = branch;
			};
		};
/* End XCRemoteSwiftPackageReference section */

/* Begin XCSwiftPackageProductDependency section */
		95202914289B8BA500613A12 /* RxCocoa */ = {
			isa = XCSwiftPackageProductDependency;
			package = 95202913289B8BA500613A12 /* XCRemoteSwiftPackageReference "RxSwift" */;
			productName = RxCocoa;
		};
		95202916289B8BA500613A12 /* RxRelay */ = {
			isa = XCSwiftPackageProductDependency;
			package = 95202913289B8BA500613A12 /* XCRemoteSwiftPackageReference "RxSwift" */;
			productName = RxRelay;
		};
		95202918289B8BA500613A12 /* RxSwift */ = {
			isa = XCSwiftPackageProductDependency;
			package = 95202913289B8BA500613A12 /* XCRemoteSwiftPackageReference "RxSwift" */;
			productName = RxSwift;
		};
/* End XCSwiftPackageProductDependency section */
	};
	rootObject = 952028F4289B8B9000613A12 /* Project object */;
}
